<?xml version="1.0" encoding="utf-8"?>
<Project ToolsVersion="4.0" xmlns="http://schemas.microsoft.com/developer/msbuild/2003">
  <ItemGroup>
    <Filter Include="1. Project Files">
      <UniqueIdentifier>{67DA6AB6-F800-4c08-8B7A-83BB121AAD01}</UniqueIdentifier>
      <Extensions>rc;ico;cur;bmp;dlg;rc2;rct;bin;rgs;gif;jpg;jpeg;jpe;resx;tiff;tif;png;wav;mfcribbon-ms</Extensions>
    </Filter>
    <Filter Include="2. Docs">
      <UniqueIdentifier>{cddadac5-d2a5-45b0-947d-d3e2b055c87c}</UniqueIdentifier>
    </Filter>
    <Filter Include="3. Shaders">
      <UniqueIdentifier>{fa4f3a1c-e2a4-4421-9b19-e15c14fce184}</UniqueIdentifier>
    </Filter>
    <Filter Include="4. Headers">
      <UniqueIdentifier>{93995380-89BD-4b04-88EB-625FBE52EBFB}</UniqueIdentifier>
      <Extensions>h;hh;hpp;hxx;h++;hm;inl;inc;ipp;xsd</Extensions>
    </Filter>
    <Filter Include="5. C++">
      <UniqueIdentifier>{4FC737F1-C7A5-4376-A066-2A32D752A2FF}</UniqueIdentifier>
      <Extensions>cpp;c;cc;cxx;c++;cppm;ixx;def;odl;idl;hpj;bat;asm;asmx</Extensions>
    </Filter>
    <Filter Include="2. Docs\XML">
      <UniqueIdentifier>{0d771ba6-8e4a-4985-895c-d9b8eec8b3fd}</UniqueIdentifier>
    </Filter>
    <Filter Include="4. Headers\Property Sets">
      <UniqueIdentifier>{59a51621-40c6-41f5-831e-d4dd48676774}</UniqueIdentifier>
    </Filter>
    <Filter Include="3. Shaders\Portions">
      <UniqueIdentifier>{562f106e-62ae-412b-9874-84235815e44f}</UniqueIdentifier>
    </Filter>
    <Filter Include="3. Shaders\Portions\Vertex">
      <UniqueIdentifier>{c3389b22-e6a1-4c67-b595-0799de27f47f}</UniqueIdentifier>
    </Filter>
    <Filter Include="3. Shaders\Portions\Modules">
      <UniqueIdentifier>{8c5d3170-dc68-4be1-892b-cb7782b5ba10}</UniqueIdentifier>
    </Filter>
    <Filter Include="3. Shaders\Portions\Core">
      <UniqueIdentifier>{3f091fc1-f428-4656-b8fe-f05013d44239}</UniqueIdentifier>
    </Filter>
    <Filter Include="3. Shaders\Portions\Fragment">
      <UniqueIdentifier>{1e23ae5e-f36d-4f5f-b17e-5ee8d54320a8}</UniqueIdentifier>
    </Filter>
    <Filter Include="3. Shaders\Portions\Fragment\%28work in progress%29">
      <UniqueIdentifier>{e139d209-b4c6-40a8-8709-dcca46d8d4bb}</UniqueIdentifier>
    </Filter>
    <Filter Include="3. Shaders\Portions\Vertex\%28work in progress%29">
      <UniqueIdentifier>{82e04ace-25a4-4646-b59f-5ae89e502d5a}</UniqueIdentifier>
    </Filter>
  </ItemGroup>
  <ItemGroup>
    <ClInclude Include="src\terrain_3d_texture_list.h">
      <Filter>4. Headers</Filter>
    </ClInclude>
    <ClInclude Include="src\geoclipmap.h">
      <Filter>4. Headers</Filter>
    </ClInclude>
    <ClInclude Include="src\register_types.h">
      <Filter>4. Headers</Filter>
    </ClInclude>
    <ClInclude Include="src\terrain_3d.h">
      <Filter>4. Headers</Filter>
    </ClInclude>
    <ClInclude Include="src\terrain_3d_editor.h">
      <Filter>4. Headers</Filter>
    </ClInclude>
    <ClInclude Include="src\terrain_3d_storage.h">
      <Filter>4. Headers</Filter>
    </ClInclude>
    <ClInclude Include="src\terrain_3d_texture.h">
      <Filter>4. Headers</Filter>
    </ClInclude>
    <ClInclude Include="src\terrain_3d_material.h">
      <Filter>4. Headers</Filter>
    </ClInclude>
    <ClInclude Include="src\constants.h">
      <Filter>4. Headers</Filter>
    </ClInclude>
    <ClInclude Include="src\generated_texture.h">
      <Filter>4. Headers</Filter>
    </ClInclude>
    <ClInclude Include="src\logger.h">
      <Filter>4. Headers</Filter>
    </ClInclude>
    <ClInclude Include="src\terrain_3d_util.h">
      <Filter>4. Headers</Filter>
    </ClInclude>
    <ClInclude Include="src\propsets\ALL_SETS.h">
      <Filter>4. Headers\Property Sets</Filter>
    </ClInclude>
    <ClInclude Include="src\propsets\__PROPSETS.h">
      <Filter>4. Headers\Property Sets</Filter>
    </ClInclude>
    <ClInclude Include="src\propsets\_UV_DISTORTION.h">
      <Filter>4. Headers\Property Sets</Filter>
    </ClInclude>
    <ClInclude Include="src\propsets\_MULTI_SCALING.h">
      <Filter>4. Headers\Property Sets</Filter>
    </ClInclude>
    <ClInclude Include="src\propsets\_AUTO_TEXTURING.h">
      <Filter>4. Headers\Property Sets</Filter>
    </ClInclude>
    <ClInclude Include="src\propsets\_BG_WORLD.h">
      <Filter>4. Headers\Property Sets</Filter>
    </ClInclude>
    <ClInclude Include="src\propsets\_BLENDING.h">
      <Filter>4. Headers\Property Sets</Filter>
    </ClInclude>
    <ClInclude Include="src\propsets\_NOISE_TINT.h">
      <Filter>4. Headers\Property Sets</Filter>
    </ClInclude>
    <ClInclude Include="src\propsets\_DEBUG_VIEWS.h">
      <Filter>4. Headers\Property Sets</Filter>
    </ClInclude>
  </ItemGroup>
  <ItemGroup>
    <ClCompile Include="src\geoclipmap.cpp">
      <Filter>5. C++</Filter>
    </ClCompile>
    <ClCompile Include="src\register_types.cpp">
      <Filter>5. C++</Filter>
    </ClCompile>
    <ClCompile Include="src\terrain_3d.cpp">
      <Filter>5. C++</Filter>
    </ClCompile>
    <ClCompile Include="src\terrain_3d_editor.cpp">
      <Filter>5. C++</Filter>
    </ClCompile>
    <ClCompile Include="src\terrain_3d_storage.cpp">
      <Filter>5. C++</Filter>
    </ClCompile>
    <ClCompile Include="src\terrain_3d_texture.cpp">
      <Filter>5. C++</Filter>
    </ClCompile>
    <ClCompile Include="src\terrain_3d_texture_list.cpp">
      <Filter>5. C++</Filter>
    </ClCompile>
    <ClCompile Include="src\terrain_3d_material.cpp">
      <Filter>5. C++</Filter>
    </ClCompile>
    <ClCompile Include="src\generated_texture.cpp">
      <Filter>5. C++</Filter>
    </ClCompile>
    <ClCompile Include="src\terrain_3d_util.cpp">
      <Filter>5. C++</Filter>
    </ClCompile>
  </ItemGroup>
  <ItemGroup>
    <None Include=".github\actions\windows-deps\action.yml">
      <Filter>1. Project Files</Filter>
    </None>
    <None Include=".github\actions\build-cache\action.yml">
      <Filter>1. Project Files</Filter>
    </None>
    <None Include=".github\actions\base-deps\action.yml">
      <Filter>1. Project Files</Filter>
    </None>
    <None Include=".github\workflows\android.yml">
      <Filter>1. Project Files</Filter>
    </None>
    <None Include=".github\workflows\build.yml">
      <Filter>1. Project Files</Filter>
    </None>
    <None Include=".github\workflows\linux.yml">
      <Filter>1. Project Files</Filter>
    </None>
    <None Include=".github\workflows\macos.yml">
      <Filter>1. Project Files</Filter>
    </None>
    <None Include="project\addons\terrain_3d\plugin.cfg">
      <Filter>1. Project Files</Filter>
    </None>
    <None Include=".github\workflows\windows.yml">
      <Filter>1. Project Files</Filter>
    </None>
    <None Include="project\addons\terrain_3d\terrain.gdextension">
      <Filter>1. Project Files</Filter>
    </None>
    <None Include="src\shaders\main.glsl">
      <Filter>3. Shaders</Filter>
    </None>
    <None Include=".gitignore">
      <Filter>1. Project Files</Filter>
    </None>
    <None Include="SConstruct">
      <Filter>1. Project Files</Filter>
    </None>
    <None Include="README.md">
      <Filter>2. Docs</Filter>
    </None>
    <None Include="CONTRIBUTING.md">
      <Filter>2. Docs</Filter>
    </None>
    <None Include="AUTHORS.md">
      <Filter>2. Docs</Filter>
    </None>
    <None Include="doc\index.rst">
      <Filter>2. Docs</Filter>
    </None>
    <None Include="doc\docs\texture_painting.md">
      <Filter>2. Docs</Filter>
    </None>
    <None Include="doc\conf.py">
      <Filter>1. Project Files</Filter>
    </None>
    <None Include="doc\docs\press.md">
      <Filter>2. Docs</Filter>
    </None>
    <None Include="doc\docs\mobile_web.md">
      <Filter>2. Docs</Filter>
    </None>
    <None Include=".github\workflows\ios.yml">
      <Filter>1. Project Files</Filter>
    </None>
    <None Include="doc\docs\nightly_builds.md">
      <Filter>2. Docs</Filter>
    </None>
    <None Include="doc\docs\double_precision.md">
      <Filter>2. Docs</Filter>
    </None>
    <None Include="doc\docs\games.md">
      <Filter>2. Docs</Filter>
    </None>
    <None Include="doc\docs\storage_format.md">
      <Filter>2. Docs</Filter>
    </None>
    <None Include="doc\docs\misc.md">
      <Filter>2. Docs</Filter>
    </None>
    <None Include="project\addons\terrain_3d\shader\vertex\t3d_vertex_init_varyings.gdshaderinc">
      <Filter>3. Shaders\Portions\Vertex</Filter>
    </None>
    <None Include="project\addons\terrain_3d\shader\vertex\t3d_vertex_apply_standard_varyings.gdshaderinc">
      <Filter>3. Shaders\Portions\Vertex</Filter>
    </None>
    <None Include="project\addons\terrain_3d\shader\vertex\t3d_vertex_early_discard_test.gdshaderinc">
      <Filter>3. Shaders\Portions\Vertex</Filter>
    </None>
    <None Include="project\addons\terrain_3d\shader\mods\t3d_uv_distort_funcs.gdshaderinc">
      <Filter>3. Shaders\Portions\Modules</Filter>
    </None>
    <None Include="project\addons\terrain_3d\shader\core\t3d_standard_functions.gdshaderinc" />
    <None Include="project\addons\terrain_3d\shader\core\t3d_managed_uniforms.gdshaderinc">
      <Filter>3. Shaders\Portions\Core</Filter>
    </None>
    <None Include="project\addons\terrain_3d\shader\core\t3d_managed_varyings.gdshaderinc">
      <Filter>3. Shaders\Portions\Core</Filter>
    </None>
    <None Include="project\addons\terrain_3d\shader\core\t3d_material_def.gdshaderinc">
      <Filter>3. Shaders\Portions\Core</Filter>
    </None>
    <None Include="project\addons\terrain_3d\shader\core\t3d_standard_functions.gdshaderinc">
      <Filter>3. Shaders\Portions\Core</Filter>
    </None>
    <None Include="project\addons\terrain_3d\shader\core\t3d_standard_header.gdshaderinc">
      <Filter>3. Shaders\Portions\Core</Filter>
    </None>
    <None Include="src\shaders\__HEADER.glsl">
      <Filter>3. Shaders</Filter>
    </None>
    <None Include="src\shaders\__DEFINES.glsl">
      <Filter>3. Shaders</Filter>
    </None>
    <None Include="project\addons\terrain_3d\shader\mods\t3d_debug_view.gdshaderinc">
      <Filter>3. Shaders\Portions\Modules</Filter>
    </None>
  </ItemGroup>
  <ItemGroup>
    <Text Include=".readthedocs.yaml">
      <Filter>1. Project Files</Filter>
    </Text>
    <Text Include="LICENSE.txt">
      <Filter>2. Docs</Filter>
    </Text>
    <Text Include="doc\docs\building_from_source.md">
      <Filter>2. Docs</Filter>
    </Text>
    <Text Include="doc\docs\import_export.md">
      <Filter>2. Docs</Filter>
    </Text>
    <Text Include="doc\docs\integrating.md">
      <Filter>2. Docs</Filter>
    </Text>
    <Text Include="doc\docs\occlusion_culling.md">
      <Filter>2. Docs</Filter>
    </Text>
    <Text Include="doc\docs\project_status.md">
      <Filter>2. Docs</Filter>
    </Text>
    <Text Include="doc\docs\shader_design.md">
      <Filter>2. Docs</Filter>
    </Text>
    <Text Include="doc\docs\system_architecture.md">
      <Filter>2. Docs</Filter>
    </Text>
    <Text Include="doc\docs\texture_prep.md">
      <Filter>2. Docs</Filter>
    </Text>
    <Text Include="doc\docs\tips.md">
      <Filter>2. Docs</Filter>
    </Text>
    <Text Include="doc\docs\troubleshooting.md">
      <Filter>2. Docs</Filter>
    </Text>
    <Text Include="doc\docs\installation.md">
      <Filter>2. Docs</Filter>
    </Text>
    <Text Include="doc\docs\controlmap_format.md">
      <Filter>2. Docs</Filter>
    </Text>
    <Text Include="doc\docs\getting_help.md">
      <Filter>2. Docs</Filter>
    </Text>
    <Text Include="doc\_static\theme_overrides.css">
      <Filter>1. Project Files</Filter>
    </Text>
    <Text Include="doc\docs\navigation.md">
      <Filter>2. Docs</Filter>
    </Text>
    <Text Include="doc\update_process.txt">
      <Filter>2. Docs</Filter>
    </Text>
    <Text Include="doc\docs\tutorial_videos.md">
      <Filter>2. Docs</Filter>
    </Text>
    <Text Include="src\shaders\gpu_depth.glsl">
      <Filter>3. Shaders</Filter>
    </Text>
  </ItemGroup>
  <ItemGroup>
    <Xml Include="doc\classes\Terrain3D.xml">
      <Filter>2. Docs\XML</Filter>
    </Xml>
    <Xml Include="doc\classes\Terrain3DEditor.xml">
      <Filter>2. Docs\XML</Filter>
    </Xml>
    <Xml Include="doc\classes\Terrain3DMaterial.xml">
      <Filter>2. Docs\XML</Filter>
    </Xml>
    <Xml Include="doc\classes\Terrain3DStorage.xml">
      <Filter>2. Docs\XML</Filter>
    </Xml>
    <Xml Include="doc\classes\Terrain3DTexture.xml">
      <Filter>2. Docs\XML</Filter>
    </Xml>
    <Xml Include="doc\classes\Terrain3DTextureList.xml">
      <Filter>2. Docs\XML</Filter>
    </Xml>
    <Xml Include="doc\classes\Terrain3DUtil.xml">
      <Filter>2. Docs\XML</Filter>
    </Xml>
  </ItemGroup>
</Project>