<?xml version="1.0" encoding="utf-8"?>
<Project ToolsVersion="4.0" xmlns="http://schemas.microsoft.com/developer/msbuild/2003">
  <ItemGroup>
    <Filter Include="1. Project Files">
      <UniqueIdentifier>{67DA6AB6-F800-4c08-8B7A-83BB121AAD01}</UniqueIdentifier>
      <Extensions>rc;ico;cur;bmp;dlg;rc2;rct;bin;rgs;gif;jpg;jpeg;jpe;resx;tiff;tif;png;wav;mfcribbon-ms</Extensions>
    </Filter>
    <Filter Include="2. Docs">
      <UniqueIdentifier>{cddadac5-d2a5-45b0-947d-d3e2b055c87c}</UniqueIdentifier>
    </Filter>
    <Filter Include="6. C++">
      <UniqueIdentifier>{4FC737F1-C7A5-4376-A066-2A32D752A2FF}</UniqueIdentifier>
      <Extensions>cpp;c;cc;cxx;c++;cppm;ixx;def;odl;idl;hpj;bat;asm;asmx</Extensions>
    </Filter>
    <Filter Include="5. Headers">
      <UniqueIdentifier>{93995380-89BD-4b04-88EB-625FBE52EBFB}</UniqueIdentifier>
      <Extensions>h;hh;hpp;hxx;h++;hm;inl;inc;ipp;xsd</Extensions>
    </Filter>
    <Filter Include="4. Shaders">
      <UniqueIdentifier>{fa4f3a1c-e2a4-4421-9b19-e15c14fce184}</UniqueIdentifier>
    </Filter>
    <Filter Include="3. XML">
      <UniqueIdentifier>{0d771ba6-8e4a-4985-895c-d9b8eec8b3fd}</UniqueIdentifier>
    </Filter>
  </ItemGroup>
  <ItemGroup>
    <ClInclude Include="src\terrain_3d_assets.h">
      <Filter>5. Headers</Filter>
    </ClInclude>
    <ClInclude Include="src\geoclipmap.h">
      <Filter>5. Headers</Filter>
    </ClInclude>
    <ClInclude Include="src\register_types.h">
      <Filter>5. Headers</Filter>
    </ClInclude>
    <ClInclude Include="src\terrain_3d.h">
      <Filter>5. Headers</Filter>
    </ClInclude>
    <ClInclude Include="src\terrain_3d_editor.h">
      <Filter>5. Headers</Filter>
    </ClInclude>
    <ClInclude Include="src\terrain_3d_storage.h">
      <Filter>5. Headers</Filter>
    </ClInclude>
    <ClInclude Include="src\terrain_3d_material.h">
      <Filter>5. Headers</Filter>
    </ClInclude>
    <ClInclude Include="src\constants.h">
      <Filter>5. Headers</Filter>
    </ClInclude>
    <ClInclude Include="src\generated_texture.h">
      <Filter>5. Headers</Filter>
    </ClInclude>
    <ClInclude Include="src\logger.h">
      <Filter>5. Headers</Filter>
    </ClInclude>
    <ClInclude Include="src\terrain_3d_util.h">
      <Filter>5. Headers</Filter>
    </ClInclude>
    <ClInclude Include="src\terrain_3d_instancer.h">
      <Filter>5. Headers</Filter>
    </ClInclude>
    <ClInclude Include="src\terrain_3d_mesh_asset.h">
      <Filter>5. Headers</Filter>
    </ClInclude>
    <ClInclude Include="src\terrain_3d_texture_asset.h">
      <Filter>5. Headers</Filter>
    </ClInclude>
    <ClInclude Include="src\terrain_3d_asset_resource.h">
      <Filter>5. Headers</Filter>
    </ClInclude>
    <ClInclude Include="src\terrain_3d_region.h">
      <Filter>5. Headers</Filter>
    </ClInclude>
    <ClInclude Include="src\terrain_3d_data.h">
      <Filter>5. Headers</Filter>
    </ClInclude>
  </ItemGroup>
  <ItemGroup>
    <ClCompile Include="src\geoclipmap.cpp">
      <Filter>6. C++</Filter>
    </ClCompile>
    <ClCompile Include="src\register_types.cpp">
      <Filter>6. C++</Filter>
    </ClCompile>
    <ClCompile Include="src\terrain_3d.cpp">
      <Filter>6. C++</Filter>
    </ClCompile>
    <ClCompile Include="src\terrain_3d_editor.cpp">
      <Filter>6. C++</Filter>
    </ClCompile>
    <ClCompile Include="src\terrain_3d_storage.cpp">
      <Filter>6. C++</Filter>
    </ClCompile>
    <ClCompile Include="src\terrain_3d_texture_asset.cpp">
      <Filter>6. C++</Filter>
    </ClCompile>
    <ClCompile Include="src\terrain_3d_assets.cpp">
      <Filter>6. C++</Filter>
    </ClCompile>
    <ClCompile Include="src\terrain_3d_material.cpp">
      <Filter>6. C++</Filter>
    </ClCompile>
    <ClCompile Include="src\generated_texture.cpp">
      <Filter>6. C++</Filter>
    </ClCompile>
    <ClCompile Include="src\terrain_3d_util.cpp">
      <Filter>6. C++</Filter>
    </ClCompile>
    <ClCompile Include="src\terrain_3d_instancer.cpp">
      <Filter>6. C++</Filter>
    </ClCompile>
    <ClCompile Include="src\terrain_3d_mesh_asset.cpp">
      <Filter>6. C++</Filter>
    </ClCompile>
    <ClCompile Include="src\terrain_3d_region.cpp">
      <Filter>6. C++</Filter>
    </ClCompile>
    <ClCompile Include="src\terrain_3d_data.cpp">
      <Filter>6. C++</Filter>
    </ClCompile>
  </ItemGroup>
  <ItemGroup>
    <None Include=".github\actions\windows-deps\action.yml">
      <Filter>1. Project Files</Filter>
    </None>
    <None Include=".github\actions\build-cache\action.yml">
      <Filter>1. Project Files</Filter>
    </None>
    <None Include=".github\actions\base-deps\action.yml">
      <Filter>1. Project Files</Filter>
    </None>
    <None Include=".github\workflows\android.yml">
      <Filter>1. Project Files</Filter>
    </None>
    <None Include=".github\workflows\build.yml">
      <Filter>1. Project Files</Filter>
    </None>
    <None Include=".github\workflows\linux.yml">
      <Filter>1. Project Files</Filter>
    </None>
    <None Include=".github\workflows\macos.yml">
      <Filter>1. Project Files</Filter>
    </None>
    <None Include="project\addons\terrain_3d\plugin.cfg">
      <Filter>1. Project Files</Filter>
    </None>
    <None Include=".github\workflows\windows.yml">
      <Filter>1. Project Files</Filter>
    </None>
    <None Include="project\addons\terrain_3d\terrain.gdextension">
      <Filter>1. Project Files</Filter>
    </None>
    <None Include="src\shaders\debug_views.glsl">
      <Filter>4. Shaders</Filter>
    </None>
    <None Include="src\shaders\main.glsl">
      <Filter>4. Shaders</Filter>
    </None>
    <None Include="src\shaders\world_noise.glsl">
      <Filter>4. Shaders</Filter>
    </None>
    <None Include=".gitignore">
      <Filter>1. Project Files</Filter>
    </None>
    <None Include="SConstruct">
      <Filter>1. Project Files</Filter>
    </None>
    <None Include="README.md">
      <Filter>2. Docs</Filter>
    </None>
    <None Include="CONTRIBUTING.md">
      <Filter>2. Docs</Filter>
    </None>
    <None Include="AUTHORS.md">
      <Filter>2. Docs</Filter>
    </None>
    <None Include="doc\index.rst">
      <Filter>2. Docs</Filter>
    </None>
    <None Include="src\shaders\auto_shader.glsl">
      <Filter>4. Shaders</Filter>
    </None>
    <None Include="src\shaders\dual_scaling.glsl">
      <Filter>4. Shaders</Filter>
    </None>
    <None Include="src\shaders\editor_functions.glsl">
      <Filter>4. Shaders</Filter>
    </None>
    <None Include="src\shaders\uniforms.glsl">
      <Filter>4. Shaders</Filter>
    </None>
    <None Include="doc\docs\texture_painting.md">
      <Filter>2. Docs</Filter>
    </None>
    <None Include="doc\conf.py">
      <Filter>1. Project Files</Filter>
    </None>
    <None Include="doc\docs\press.md">
      <Filter>2. Docs</Filter>
    </None>
    <None Include="doc\docs\platforms.md">
      <Filter>2. Docs</Filter>
    </None>
    <None Include=".github\workflows\ios.yml">
      <Filter>1. Project Files</Filter>
    </None>
    <None Include="doc\docs\nightly_builds.md">
      <Filter>2. Docs</Filter>
    </None>
    <None Include="doc\docs\double_precision.md">
      <Filter>2. Docs</Filter>
    </None>
    <None Include="doc\docs\games.md">
      <Filter>2. Docs</Filter>
    </None>
    <None Include="doc\docs\misc.md">
      <Filter>2. Docs</Filter>
    </None>
    <None Include="doc\docs\instancer.md">
      <Filter>2. Docs</Filter>
    </None>
    <None Include="doc\docs\user_interface.md">
      <Filter>2. Docs</Filter>
    </None>
    <None Include=".github\ISSUE_TEMPLATE\bug_report.yml">
      <Filter>1. Project Files</Filter>
    </None>
    <None Include=".github\ISSUE_TEMPLATE\config.yml">
      <Filter>1. Project Files</Filter>
    </None>
    <None Include=".github\ISSUE_TEMPLATE\feature_request.yml">
      <Filter>1. Project Files</Filter>
    </None>
    <None Include="doc\docs\collision.md">
      <Filter>2. Docs</Filter>
    </None>
    <None Include="doc\docs\data_format.md">
      <Filter>2. Docs</Filter>
    </None>
    <None Include="doc\docs\introduction.md">
      <Filter>2. Docs</Filter>
    </None>
    <None Include=".github\workflows\web.yml">
      <Filter>1. Project Files</Filter>
    </None>
  </ItemGroup>
  <ItemGroup>
    <Text Include=".readthedocs.yaml">
      <Filter>1. Project Files</Filter>
    </Text>
    <Text Include="LICENSE.txt">
      <Filter>2. Docs</Filter>
    </Text>
    <Text Include="doc\docs\building_from_source.md">
      <Filter>2. Docs</Filter>
    </Text>
    <Text Include="doc\docs\import_export.md">
      <Filter>2. Docs</Filter>
    </Text>
    <Text Include="doc\docs\programming_languages.md">
      <Filter>2. Docs</Filter>
    </Text>
    <Text Include="doc\docs\occlusion_culling.md">
      <Filter>2. Docs</Filter>
    </Text>
    <Text Include="doc\docs\project_status.md">
      <Filter>2. Docs</Filter>
    </Text>
    <Text Include="doc\docs\shader_design.md">
      <Filter>2. Docs</Filter>
    </Text>
    <Text Include="doc\docs\system_architecture.md">
      <Filter>2. Docs</Filter>
    </Text>
    <Text Include="doc\docs\texture_prep.md">
      <Filter>2. Docs</Filter>
    </Text>
    <Text Include="doc\docs\tips.md">
      <Filter>2. Docs</Filter>
    </Text>
    <Text Include="doc\docs\troubleshooting.md">
      <Filter>2. Docs</Filter>
    </Text>
    <Text Include="doc\docs\installation.md">
      <Filter>2. Docs</Filter>
    </Text>
    <Text Include="doc\docs\controlmap_format.md">
      <Filter>2. Docs</Filter>
    </Text>
    <Text Include="doc\docs\getting_help.md">
      <Filter>2. Docs</Filter>
    </Text>
    <Text Include="doc\_static\theme_overrides.css">
      <Filter>1. Project Files</Filter>
    </Text>
    <Text Include="doc\docs\navigation.md">
      <Filter>2. Docs</Filter>
    </Text>
    <Text Include="doc\docs\tutorial_videos.md">
      <Filter>2. Docs</Filter>
    </Text>
    <Text Include="src\shaders\gpu_depth.glsl">
      <Filter>4. Shaders</Filter>
    </Text>
    <Text Include="doc\_new_release_process.txt">
      <Filter>2. Docs</Filter>
    </Text>
  </ItemGroup>
  <ItemGroup>
    <Xml Include="doc\classes\Terrain3D.xml">
      <Filter>3. XML</Filter>
    </Xml>
    <Xml Include="doc\classes\Terrain3DEditor.xml">
      <Filter>3. XML</Filter>
    </Xml>
    <Xml Include="doc\classes\Terrain3DMaterial.xml">
      <Filter>3. XML</Filter>
    </Xml>
    <Xml Include="doc\classes\Terrain3DStorage.xml">
      <Filter>3. XML</Filter>
    </Xml>
    <Xml Include="doc\classes\Terrain3DTextureAsset.xml">
      <Filter>3. XML</Filter>
    </Xml>
    <Xml Include="doc\classes\Terrain3DAssets.xml">
      <Filter>3. XML</Filter>
    </Xml>
    <Xml Include="doc\classes\Terrain3DUtil.xml">
      <Filter>3. XML</Filter>
    </Xml>
    <Xml Include="doc\classes\Terrain3DInstancer.xml">
      <Filter>3. XML</Filter>
    </Xml>
    <Xml Include="doc\classes\Terrain3DTextureList.xml">
      <Filter>3. XML</Filter>
    </Xml>
    <Xml Include="doc\classes\Terrain3DMeshAsset.xml">
      <Filter>3. XML</Filter>
    </Xml>
    <Xml Include="doc\classes\Terrain3DTexture.xml">
      <Filter>3. XML</Filter>
    </Xml>
    <Xml Include="doc\classes\Terrain3DData.xml">
      <Filter>3. XML</Filter>
    </Xml>
    <Xml Include="doc\classes\Terrain3DRegion.xml">
      <Filter>3. XML</Filter>
    </Xml>
  </ItemGroup>
</Project>